
Microsoft Visual Studio Solution File, Format Version 12.00
# Visual Studio 15
VisualStudioVersion = 15.0.27130.2020
MinimumVisualStudioVersion = 10.0.40219.1
Project("{FAE04EC0-301F-11D3-BF4B-00C04F79EFBC}") = "TamagotchiHotelAsp", "TamagotchiHotelAsp\TamagotchiHotelAsp.csproj", "{7C5CDE7C-0D80-464B-97FB-A87A9DA7E5AB}"
EndProject
Project("{FAE04EC0-301F-11D3-BF4B-00C04F79EFBC}") = "TamagotchiHotelAsp.Tests", "TamagotchiHotelAsp.Tests\TamagotchiHotelAsp.Tests.csproj", "{6B033331-0E24-4BC3-B923-9518650ABCB3}"
EndProject
Global
	GlobalSection(SolutionConfigurationPlatforms) = preSolution
		Debug|Any CPU = Debug|Any CPU
		Release|Any CPU = Release|Any CPU
	EndGlobalSection
	GlobalSection(ProjectConfigurationPlatforms) = postSolution
		{7C5CDE7C-0D80-464B-97FB-A87A9DA7E5AB}.Debug|Any CPU.ActiveCfg = Debug|Any CPU
		{7C5CDE7C-0D80-464B-97FB-A87A9DA7E5AB}.Debug|Any CPU.Build.0 = Debug|Any CPU
		{7C5CDE7C-0D80-464B-97FB-A87A9DA7E5AB}.Release|Any CPU.ActiveCfg = Release|Any CPU
		{7C5CDE7C-0D80-464B-97FB-A87A9DA7E5AB}.Release|Any CPU.Build.0 = Release|Any CPU
		{6B033331-0E24-4BC3-B923-9518650ABCB3}.Debug|Any CPU.ActiveCfg = Debug|Any CPU
		{6B033331-0E24-4BC3-B923-9518650ABCB3}.Debug|Any CPU.Build.0 = Debug|Any CPU
		{6B033331-0E24-4BC3-B923-9518650ABCB3}.Release|Any CPU.ActiveCfg = Release|Any CPU
		{6B033331-0E24-4BC3-B923-9518650ABCB3}.Release|Any CPU.Build.0 = Release|Any CPU
	EndGlobalSection
	GlobalSection(SolutionProperties) = preSolution
		HideSolutionNode = FALSE
	EndGlobalSection
	GlobalSection(ExtensibilityGlobals) = postSolution
		SolutionGuid = {D8F302F4-34FF-4786-BFBB-7E02EE5439F1}
	EndGlobalSection
EndGlobal
